
Microsoft Visual Studio Solution File, Format Version 12.00
Project("{FAE04EC0-301F-11D3-BF4B-00C04F79EFBC}") = "Vecxy.Rendering", "Code\Vecxy.Rendering\Vecxy.Rendering.csproj", "{2ADB7B35-EF06-45E7-82B3-24BE944F2900}"
EndProject
Project("{FAE04EC0-301F-11D3-BF4B-00C04F79EFBC}") = "Vecxy.Engine", "Code\Vecxy.Engine\Vecxy.Engine.csproj", "{4B4206DD-858F-41F9-9817-AB493C348BF4}"
EndProject
Project("{FAE04EC0-301F-11D3-BF4B-00C04F79EFBC}") = "Vecxy.Reflection", "Code\Vecxy.Reflection\Vecxy.Reflection.csproj", "{32E2FAA9-60AF-4968-B697-58B89DED6709}"
EndProject
Project("{FAE04EC0-301F-11D3-BF4B-00C04F79EFBC}") = "Vecxy.Diagnostics", "Code\Vecxy.Diagnostics\Vecxy.Diagnostics.csproj", "{30BC5735-FCC8-4DB6-851D-7DB49C8ABA19}"
EndProject
Project("{FAE04EC0-301F-11D3-BF4B-00C04F79EFBC}") = "Vecxy.Kernel", "Code\Vecxy.Kernel\Vecxy.Kernel.csproj", "{B1EBBE4D-003E-4CE1-9B2F-487AC256F0BA}"
EndProject
Project("{2150E333-8FDC-42A3-9474-1A3956D46DE8}") = "Engine", "Code\Engine", "{5987ABA8-9E54-433F-BE71-32D1B767F12E}"
EndProject
Project("{2150E333-8FDC-42A3-9474-1A3956D46DE8}") = "Tools", "Tools", "{45992377-3317-452D-9394-7DE108F69D33}"
EndProject
Project("{FAE04EC0-301F-11D3-BF4B-00C04F79EFBC}") = "Vecxy.Executable", "Code\Vecxy.Executable\Vecxy.Executable.csproj", "{B644847C-11A8-42F0-A339-8768FCF03827}"
EndProject
Project("{FAE04EC0-301F-11D3-BF4B-00C04F79EFBC}") = "Vecxy.IO", "Code\Vecxy.IO\Vecxy.IO.csproj", "{0AA2CBBD-9EE3-4338-842E-9FA311B4C551}"
EndProject
Project("{FAE04EC0-301F-11D3-BF4B-00C04F79EFBC}") = "Vecxy.SlnKit", "Code\Vecxy.SlnKit\Vecxy.SlnKit.csproj", "{CF3E84EF-9AE9-4957-84CA-99D69E58CEC1}"
EndProject
Project("{FAE04EC0-301F-11D3-BF4B-00C04F79EFBC}") = "Vecxy.Builder", "Code\Vecxy.Builder\Vecxy.Builder.csproj", "{B5F62051-3D94-4797-9DBA-D28F4E3224D4}"
EndProject
Project("{FAE04EC0-301F-11D3-BF4B-00C04F79EFBC}") = "Vecxy.CLI", "Code\Vecxy.CLI\Vecxy.CLI.csproj", "{A7522CFF-9202-48C7-BCD2-87A89F500180}"
EndProject
Project("{FAE04EC0-301F-11D3-BF4B-00C04F79EFBC}") = "Vecxy.Editor", "Code\Vecxy.Editor\Vecxy.Editor.csproj", "{B2FE585F-7D9F-4962-BFE7-FE96437FB354}"
EndProject
Project("{2150E333-8FDC-42A3-9474-1A3956D46DE8}") = "Editor", "Editor", "{DF9F69DE-6F52-4461-AF66-1438ED98B088}"
EndProject
Project("{FAE04EC0-301F-11D3-BF4B-00C04F79EFBC}") = "Vecxy.Template.Game", "Templates\Vecxy.Game\Vecxy.Template.Game.csproj", "{229EDCD5-2456-4A11-8623-117B082DE8E2}"
EndProject
Project("{2150E333-8FDC-42A3-9474-1A3956D46DE8}") = "Templates", "Templates", "{5589DCE6-0103-43E7-8CB8-FFBE6FBDB5D1}"
EndProject
Global
	GlobalSection(SolutionConfigurationPlatforms) = preSolution
		Debug|Any CPU = Debug|Any CPU
		Release|Any CPU = Release|Any CPU
	EndGlobalSection
	GlobalSection(ProjectConfigurationPlatforms) = postSolution
		{2ADB7B35-EF06-45E7-82B3-24BE944F2900}.Debug|Any CPU.ActiveCfg = Debug|Any CPU
		{2ADB7B35-EF06-45E7-82B3-24BE944F2900}.Debug|Any CPU.Build.0 = Debug|Any CPU
		{2ADB7B35-EF06-45E7-82B3-24BE944F2900}.Release|Any CPU.ActiveCfg = Release|Any CPU
		{2ADB7B35-EF06-45E7-82B3-24BE944F2900}.Release|Any CPU.Build.0 = Release|Any CPU
		{4B4206DD-858F-41F9-9817-AB493C348BF4}.Debug|Any CPU.ActiveCfg = Debug|Any CPU
		{4B4206DD-858F-41F9-9817-AB493C348BF4}.Debug|Any CPU.Build.0 = Debug|Any CPU
		{4B4206DD-858F-41F9-9817-AB493C348BF4}.Release|Any CPU.ActiveCfg = Release|Any CPU
		{4B4206DD-858F-41F9-9817-AB493C348BF4}.Release|Any CPU.Build.0 = Release|Any CPU
		{32E2FAA9-60AF-4968-B697-58B89DED6709}.Debug|Any CPU.ActiveCfg = Debug|Any CPU
		{32E2FAA9-60AF-4968-B697-58B89DED6709}.Debug|Any CPU.Build.0 = Debug|Any CPU
		{32E2FAA9-60AF-4968-B697-58B89DED6709}.Release|Any CPU.ActiveCfg = Release|Any CPU
		{32E2FAA9-60AF-4968-B697-58B89DED6709}.Release|Any CPU.Build.0 = Release|Any CPU
		{30BC5735-FCC8-4DB6-851D-7DB49C8ABA19}.Debug|Any CPU.ActiveCfg = Debug|Any CPU
		{30BC5735-FCC8-4DB6-851D-7DB49C8ABA19}.Debug|Any CPU.Build.0 = Debug|Any CPU
		{30BC5735-FCC8-4DB6-851D-7DB49C8ABA19}.Release|Any CPU.ActiveCfg = Release|Any CPU
		{30BC5735-FCC8-4DB6-851D-7DB49C8ABA19}.Release|Any CPU.Build.0 = Release|Any CPU
		{B1EBBE4D-003E-4CE1-9B2F-487AC256F0BA}.Debug|Any CPU.ActiveCfg = Debug|Any CPU
		{B1EBBE4D-003E-4CE1-9B2F-487AC256F0BA}.Debug|Any CPU.Build.0 = Debug|Any CPU
		{B1EBBE4D-003E-4CE1-9B2F-487AC256F0BA}.Release|Any CPU.ActiveCfg = Release|Any CPU
		{B1EBBE4D-003E-4CE1-9B2F-487AC256F0BA}.Release|Any CPU.Build.0 = Release|Any CPU
		{B644847C-11A8-42F0-A339-8768FCF03827}.Debug|Any CPU.ActiveCfg = Debug|Any CPU
		{B644847C-11A8-42F0-A339-8768FCF03827}.Debug|Any CPU.Build.0 = Debug|Any CPU
		{B644847C-11A8-42F0-A339-8768FCF03827}.Release|Any CPU.ActiveCfg = Release|Any CPU
		{B644847C-11A8-42F0-A339-8768FCF03827}.Release|Any CPU.Build.0 = Release|Any CPU
		{0AA2CBBD-9EE3-4338-842E-9FA311B4C551}.Debug|Any CPU.ActiveCfg = Debug|Any CPU
		{0AA2CBBD-9EE3-4338-842E-9FA311B4C551}.Debug|Any CPU.Build.0 = Debug|Any CPU
		{0AA2CBBD-9EE3-4338-842E-9FA311B4C551}.Release|Any CPU.ActiveCfg = Release|Any CPU
		{0AA2CBBD-9EE3-4338-842E-9FA311B4C551}.Release|Any CPU.Build.0 = Release|Any CPU
		{CF3E84EF-9AE9-4957-84CA-99D69E58CEC1}.Debug|Any CPU.ActiveCfg = Debug|Any CPU
		{CF3E84EF-9AE9-4957-84CA-99D69E58CEC1}.Debug|Any CPU.Build.0 = Debug|Any CPU
		{CF3E84EF-9AE9-4957-84CA-99D69E58CEC1}.Release|Any CPU.ActiveCfg = Release|Any CPU
		{CF3E84EF-9AE9-4957-84CA-99D69E58CEC1}.Release|Any CPU.Build.0 = Release|Any CPU
		{B5F62051-3D94-4797-9DBA-D28F4E3224D4}.Debug|Any CPU.ActiveCfg = Debug|Any CPU
		{B5F62051-3D94-4797-9DBA-D28F4E3224D4}.Debug|Any CPU.Build.0 = Debug|Any CPU
		{B5F62051-3D94-4797-9DBA-D28F4E3224D4}.Release|Any CPU.ActiveCfg = Release|Any CPU
		{B5F62051-3D94-4797-9DBA-D28F4E3224D4}.Release|Any CPU.Build.0 = Release|Any CPU
		{A7522CFF-9202-48C7-BCD2-87A89F500180}.Debug|Any CPU.ActiveCfg = Debug|Any CPU
		{A7522CFF-9202-48C7-BCD2-87A89F500180}.Debug|Any CPU.Build.0 = Debug|Any CPU
		{A7522CFF-9202-48C7-BCD2-87A89F500180}.Release|Any CPU.ActiveCfg = Release|Any CPU
		{A7522CFF-9202-48C7-BCD2-87A89F500180}.Release|Any CPU.Build.0 = Release|Any CPU
		{B2FE585F-7D9F-4962-BFE7-FE96437FB354}.Debug|Any CPU.ActiveCfg = Debug|Any CPU
		{B2FE585F-7D9F-4962-BFE7-FE96437FB354}.Debug|Any CPU.Build.0 = Debug|Any CPU
		{B2FE585F-7D9F-4962-BFE7-FE96437FB354}.Release|Any CPU.ActiveCfg = Release|Any CPU
		{B2FE585F-7D9F-4962-BFE7-FE96437FB354}.Release|Any CPU.Build.0 = Release|Any CPU
		{229EDCD5-2456-4A11-8623-117B082DE8E2}.Debug|Any CPU.ActiveCfg = Debug|Any CPU
		{229EDCD5-2456-4A11-8623-117B082DE8E2}.Debug|Any CPU.Build.0 = Debug|Any CPU
		{229EDCD5-2456-4A11-8623-117B082DE8E2}.Release|Any CPU.ActiveCfg = Release|Any CPU
		{229EDCD5-2456-4A11-8623-117B082DE8E2}.Release|Any CPU.Build.0 = Release|Any CPU
	EndGlobalSection
	GlobalSection(NestedProjects) = preSolution
		{4B4206DD-858F-41F9-9817-AB493C348BF4} = {5987ABA8-9E54-433F-BE71-32D1B767F12E}
		{B644847C-11A8-42F0-A339-8768FCF03827} = {5987ABA8-9E54-433F-BE71-32D1B767F12E}
		{CF3E84EF-9AE9-4957-84CA-99D69E58CEC1} = {45992377-3317-452D-9394-7DE108F69D33}
		{B5F62051-3D94-4797-9DBA-D28F4E3224D4} = {45992377-3317-452D-9394-7DE108F69D33}
		{2ADB7B35-EF06-45E7-82B3-24BE944F2900} = {5987ABA8-9E54-433F-BE71-32D1B767F12E}
		{30BC5735-FCC8-4DB6-851D-7DB49C8ABA19} = {5987ABA8-9E54-433F-BE71-32D1B767F12E}
		{0AA2CBBD-9EE3-4338-842E-9FA311B4C551} = {5987ABA8-9E54-433F-BE71-32D1B767F12E}
		{B1EBBE4D-003E-4CE1-9B2F-487AC256F0BA} = {5987ABA8-9E54-433F-BE71-32D1B767F12E}
		{32E2FAA9-60AF-4968-B697-58B89DED6709} = {5987ABA8-9E54-433F-BE71-32D1B767F12E}
		{A7522CFF-9202-48C7-BCD2-87A89F500180} = {45992377-3317-452D-9394-7DE108F69D33}
		{B2FE585F-7D9F-4962-BFE7-FE96437FB354} = {DF9F69DE-6F52-4461-AF66-1438ED98B088}
		{229EDCD5-2456-4A11-8623-117B082DE8E2} = {5589DCE6-0103-43E7-8CB8-FFBE6FBDB5D1}
	EndGlobalSection
EndGlobal
